
Microsoft Visual Studio Solution File, Format Version 12.00
# Visual Studio Version 17
VisualStudioVersion = 17.0.31903.59
MinimumVisualStudioVersion = 10.0.40219.1
Project("{2150E333-8FDC-42A3-9474-1A3956D46DE8}") = "src", "src", "{827E0CD3-B72D-47B6-A68D-7590B98EB39B}"
EndProject
Project("{FAE04EC0-301F-11D3-BF4B-00C04F79EFBC}") = "Yagura.Host", "src\Yagura.Host\Yagura.Host.csproj", "{D26174DF-BD42-41CF-A151-8A2C1AB5C308}"
EndProject
Project("{FAE04EC0-301F-11D3-BF4B-00C04F79EFBC}") = "Yagura.Ingestion", "src\Yagura.Ingestion\Yagura.Ingestion.csproj", "{27AC488F-63D9-4C7D-97A9-57FFEF98B307}"
EndProject
Project("{FAE04EC0-301F-11D3-BF4B-00C04F79EFBC}") = "Yagura.Storage", "src\Yagura.Storage\Yagura.Storage.csproj", "{C1D25DFE-59AD-41C3-9C15-593EEAD25FE4}"
EndProject
Project("{FAE04EC0-301F-11D3-BF4B-00C04F79EFBC}") = "Yagura.Web", "src\Yagura.Web\Yagura.Web.csproj", "{6A78B023-0A16-438D-B2E2-DDF095B9E527}"
EndProject
Project("{2150E333-8FDC-42A3-9474-1A3956D46DE8}") = "tests", "tests", "{0AB3BF05-4346-4AA6-1389-037BE0695223}"
EndProject
Project("{FAE04EC0-301F-11D3-BF4B-00C04F79EFBC}") = "Yagura.Host.Tests", "tests\Yagura.Host.Tests\Yagura.Host.Tests.csproj", "{542D58A5-7C1D-4E44-A89B-FEC2FC832AEF}"
EndProject
Project("{FAE04EC0-301F-11D3-BF4B-00C04F79EFBC}") = "Yagura.Ingestion.Tests", "tests\Yagura.Ingestion.Tests\Yagura.Ingestion.Tests.csproj", "{83C46A6D-AF50-4897-BCD9-C53EB7C3BB2E}"
EndProject
Project("{FAE04EC0-301F-11D3-BF4B-00C04F79EFBC}") = "Yagura.Storage.Tests", "tests\Yagura.Storage.Tests\Yagura.Storage.Tests.csproj", "{CBA0688E-1F81-4197-88E4-F56128E865C7}"
EndProject
Project("{FAE04EC0-301F-11D3-BF4B-00C04F79EFBC}") = "Yagura.Web.Tests", "tests\Yagura.Web.Tests\Yagura.Web.Tests.csproj", "{E68395F5-874E-4F2F-ABB1-77011C7AB4E2}"
EndProject
Project("{FAE04EC0-301F-11D3-BF4B-00C04F79EFBC}") = "Yagura.E2E.Tests", "tests\Yagura.E2E.Tests\Yagura.E2E.Tests.csproj", "{20774A99-A0D6-415B-A7AC-77136CF78846}"
EndProject
Project("{FAE04EC0-301F-11D3-BF4B-00C04F79EFBC}") = "Yagura.Storage.ConformanceTests", "tests\Yagura.Storage.ConformanceTests\Yagura.Storage.ConformanceTests.csproj", "{AB7A003B-A0EF-4573-A552-CF50D8C3E86D}"
EndProject
Global
	GlobalSection(SolutionConfigurationPlatforms) = preSolution
		Debug|Any CPU = Debug|Any CPU
		Debug|x64 = Debug|x64
		Debug|x86 = Debug|x86
		Release|Any CPU = Release|Any CPU
		Release|x64 = Release|x64
		Release|x86 = Release|x86
	EndGlobalSection
	GlobalSection(ProjectConfigurationPlatforms) = postSolution
		{D26174DF-BD42-41CF-A151-8A2C1AB5C308}.Debug|Any CPU.ActiveCfg = Debug|Any CPU
		{D26174DF-BD42-41CF-A151-8A2C1AB5C308}.Debug|Any CPU.Build.0 = Debug|Any CPU
		{D26174DF-BD42-41CF-A151-8A2C1AB5C308}.Debug|x64.ActiveCfg = Debug|Any CPU
		{D26174DF-BD42-41CF-A151-8A2C1AB5C308}.Debug|x64.Build.0 = Debug|Any CPU
		{D26174DF-BD42-41CF-A151-8A2C1AB5C308}.Debug|x86.ActiveCfg = Debug|Any CPU
		{D26174DF-BD42-41CF-A151-8A2C1AB5C308}.Debug|x86.Build.0 = Debug|Any CPU
		{D26174DF-BD42-41CF-A151-8A2C1AB5C308}.Release|Any CPU.ActiveCfg = Release|Any CPU
		{D26174DF-BD42-41CF-A151-8A2C1AB5C308}.Release|Any CPU.Build.0 = Release|Any CPU
		{D26174DF-BD42-41CF-A151-8A2C1AB5C308}.Release|x64.ActiveCfg = Release|Any CPU
		{D26174DF-BD42-41CF-A151-8A2C1AB5C308}.Release|x64.Build.0 = Release|Any CPU
		{D26174DF-BD42-41CF-A151-8A2C1AB5C308}.Release|x86.ActiveCfg = Release|Any CPU
		{D26174DF-BD42-41CF-A151-8A2C1AB5C308}.Release|x86.Build.0 = Release|Any CPU
		{27AC488F-63D9-4C7D-97A9-57FFEF98B307}.Debug|Any CPU.ActiveCfg = Debug|Any CPU
		{27AC488F-63D9-4C7D-97A9-57FFEF98B307}.Debug|Any CPU.Build.0 = Debug|Any CPU
		{27AC488F-63D9-4C7D-97A9-57FFEF98B307}.Debug|x64.ActiveCfg = Debug|Any CPU
		{27AC488F-63D9-4C7D-97A9-57FFEF98B307}.Debug|x64.Build.0 = Debug|Any CPU
		{27AC488F-63D9-4C7D-97A9-57FFEF98B307}.Debug|x86.ActiveCfg = Debug|Any CPU
		{27AC488F-63D9-4C7D-97A9-57FFEF98B307}.Debug|x86.Build.0 = Debug|Any CPU
		{27AC488F-63D9-4C7D-97A9-57FFEF98B307}.Release|Any CPU.ActiveCfg = Release|Any CPU
		{27AC488F-63D9-4C7D-97A9-57FFEF98B307}.Release|Any CPU.Build.0 = Release|Any CPU
		{27AC488F-63D9-4C7D-97A9-57FFEF98B307}.Release|x64.ActiveCfg = Release|Any CPU
		{27AC488F-63D9-4C7D-97A9-57FFEF98B307}.Release|x64.Build.0 = Release|Any CPU
		{27AC488F-63D9-4C7D-97A9-57FFEF98B307}.Release|x86.ActiveCfg = Release|Any CPU
		{27AC488F-63D9-4C7D-97A9-57FFEF98B307}.Release|x86.Build.0 = Release|Any CPU
		{C1D25DFE-59AD-41C3-9C15-593EEAD25FE4}.Debug|Any CPU.ActiveCfg = Debug|Any CPU
		{C1D25DFE-59AD-41C3-9C15-593EEAD25FE4}.Debug|Any CPU.Build.0 = Debug|Any CPU
		{C1D25DFE-59AD-41C3-9C15-593EEAD25FE4}.Debug|x64.ActiveCfg = Debug|Any CPU
		{C1D25DFE-59AD-41C3-9C15-593EEAD25FE4}.Debug|x64.Build.0 = Debug|Any CPU
		{C1D25DFE-59AD-41C3-9C15-593EEAD25FE4}.Debug|x86.ActiveCfg = Debug|Any CPU
		{C1D25DFE-59AD-41C3-9C15-593EEAD25FE4}.Debug|x86.Build.0 = Debug|Any CPU
		{C1D25DFE-59AD-41C3-9C15-593EEAD25FE4}.Release|Any CPU.ActiveCfg = Release|Any CPU
		{C1D25DFE-59AD-41C3-9C15-593EEAD25FE4}.Release|Any CPU.Build.0 = Release|Any CPU
		{C1D25DFE-59AD-41C3-9C15-593EEAD25FE4}.Release|x64.ActiveCfg = Release|Any CPU
		{C1D25DFE-59AD-41C3-9C15-593EEAD25FE4}.Release|x64.Build.0 = Release|Any CPU
		{C1D25DFE-59AD-41C3-9C15-593EEAD25FE4}.Release|x86.ActiveCfg = Release|Any CPU
		{C1D25DFE-59AD-41C3-9C15-593EEAD25FE4}.Release|x86.Build.0 = Release|Any CPU
		{6A78B023-0A16-438D-B2E2-DDF095B9E527}.Debug|Any CPU.ActiveCfg = Debug|Any CPU
		{6A78B023-0A16-438D-B2E2-DDF095B9E527}.Debug|Any CPU.Build.0 = Debug|Any CPU
		{6A78B023-0A16-438D-B2E2-DDF095B9E527}.Debug|x64.ActiveCfg = Debug|Any CPU
		{6A78B023-0A16-438D-B2E2-DDF095B9E527}.Debug|x64.Build.0 = Debug|Any CPU
		{6A78B023-0A16-438D-B2E2-DDF095B9E527}.Debug|x86.ActiveCfg = Debug|Any CPU
		{6A78B023-0A16-438D-B2E2-DDF095B9E527}.Debug|x86.Build.0 = Debug|Any CPU
		{6A78B023-0A16-438D-B2E2-DDF095B9E527}.Release|Any CPU.ActiveCfg = Release|Any CPU
		{6A78B023-0A16-438D-B2E2-DDF095B9E527}.Release|Any CPU.Build.0 = Release|Any CPU
		{6A78B023-0A16-438D-B2E2-DDF095B9E527}.Release|x64.ActiveCfg = Release|Any CPU
		{6A78B023-0A16-438D-B2E2-DDF095B9E527}.Release|x64.Build.0 = Release|Any CPU
		{6A78B023-0A16-438D-B2E2-DDF095B9E527}.Release|x86.ActiveCfg = Release|Any CPU
		{6A78B023-0A16-438D-B2E2-DDF095B9E527}.Release|x86.Build.0 = Release|Any CPU
		{542D58A5-7C1D-4E44-A89B-FEC2FC832AEF}.Debug|Any CPU.ActiveCfg = Debug|Any CPU
		{542D58A5-7C1D-4E44-A89B-FEC2FC832AEF}.Debug|Any CPU.Build.0 = Debug|Any CPU
		{542D58A5-7C1D-4E44-A89B-FEC2FC832AEF}.Debug|x64.ActiveCfg = Debug|Any CPU
		{542D58A5-7C1D-4E44-A89B-FEC2FC832AEF}.Debug|x64.Build.0 = Debug|Any CPU
		{542D58A5-7C1D-4E44-A89B-FEC2FC832AEF}.Debug|x86.ActiveCfg = Debug|Any CPU
		{542D58A5-7C1D-4E44-A89B-FEC2FC832AEF}.Debug|x86.Build.0 = Debug|Any CPU
		{542D58A5-7C1D-4E44-A89B-FEC2FC832AEF}.Release|Any CPU.ActiveCfg = Release|Any CPU
		{542D58A5-7C1D-4E44-A89B-FEC2FC832AEF}.Release|Any CPU.Build.0 = Release|Any CPU
		{542D58A5-7C1D-4E44-A89B-FEC2FC832AEF}.Release|x64.ActiveCfg = Release|Any CPU
		{542D58A5-7C1D-4E44-A89B-FEC2FC832AEF}.Release|x64.Build.0 = Release|Any CPU
		{542D58A5-7C1D-4E44-A89B-FEC2FC832AEF}.Release|x86.ActiveCfg = Release|Any CPU
		{542D58A5-7C1D-4E44-A89B-FEC2FC832AEF}.Release|x86.Build.0 = Release|Any CPU
		{83C46A6D-AF50-4897-BCD9-C53EB7C3BB2E}.Debug|Any CPU.ActiveCfg = Debug|Any CPU
		{83C46A6D-AF50-4897-BCD9-C53EB7C3BB2E}.Debug|Any CPU.Build.0 = Debug|Any CPU
		{83C46A6D-AF50-4897-BCD9-C53EB7C3BB2E}.Debug|x64.ActiveCfg = Debug|Any CPU
		{83C46A6D-AF50-4897-BCD9-C53EB7C3BB2E}.Debug|x64.Build.0 = Debug|Any CPU
		{83C46A6D-AF50-4897-BCD9-C53EB7C3BB2E}.Debug|x86.ActiveCfg = Debug|Any CPU
		{83C46A6D-AF50-4897-BCD9-C53EB7C3BB2E}.Debug|x86.Build.0 = Debug|Any CPU
		{83C46A6D-AF50-4897-BCD9-C53EB7C3BB2E}.Release|Any CPU.ActiveCfg = Release|Any CPU
		{83C46A6D-AF50-4897-BCD9-C53EB7C3BB2E}.Release|Any CPU.Build.0 = Release|Any CPU
		{83C46A6D-AF50-4897-BCD9-C53EB7C3BB2E}.Release|x64.ActiveCfg = Release|Any CPU
		{83C46A6D-AF50-4897-BCD9-C53EB7C3BB2E}.Release|x64.Build.0 = Release|Any CPU
		{83C46A6D-AF50-4897-BCD9-C53EB7C3BB2E}.Release|x86.ActiveCfg = Release|Any CPU
		{83C46A6D-AF50-4897-BCD9-C53EB7C3BB2E}.Release|x86.Build.0 = Release|Any CPU
		{CBA0688E-1F81-4197-88E4-F56128E865C7}.Debug|Any CPU.ActiveCfg = Debug|Any CPU
		{CBA0688E-1F81-4197-88E4-F56128E865C7}.Debug|Any CPU.Build.0 = Debug|Any CPU
		{CBA0688E-1F81-4197-88E4-F56128E865C7}.Debug|x64.ActiveCfg = Debug|Any CPU
		{CBA0688E-1F81-4197-88E4-F56128E865C7}.Debug|x64.Build.0 = Debug|Any CPU
		{CBA0688E-1F81-4197-88E4-F56128E865C7}.Debug|x86.ActiveCfg = Debug|Any CPU
		{CBA0688E-1F81-4197-88E4-F56128E865C7}.Debug|x86.Build.0 = Debug|Any CPU
		{CBA0688E-1F81-4197-88E4-F56128E865C7}.Release|Any CPU.ActiveCfg = Release|Any CPU
		{CBA0688E-1F81-4197-88E4-F56128E865C7}.Release|Any CPU.Build.0 = Release|Any CPU
		{CBA0688E-1F81-4197-88E4-F56128E865C7}.Release|x64.ActiveCfg = Release|Any CPU
		{CBA0688E-1F81-4197-88E4-F56128E865C7}.Release|x64.Build.0 = Release|Any CPU
		{CBA0688E-1F81-4197-88E4-F56128E865C7}.Release|x86.ActiveCfg = Release|Any CPU
		{CBA0688E-1F81-4197-88E4-F56128E865C7}.Release|x86.Build.0 = Release|Any CPU
		{E68395F5-874E-4F2F-ABB1-77011C7AB4E2}.Debug|Any CPU.ActiveCfg = Debug|Any CPU
		{E68395F5-874E-4F2F-ABB1-77011C7AB4E2}.Debug|Any CPU.Build.0 = Debug|Any CPU
		{E68395F5-874E-4F2F-ABB1-77011C7AB4E2}.Debug|x64.ActiveCfg = Debug|Any CPU
		{E68395F5-874E-4F2F-ABB1-77011C7AB4E2}.Debug|x64.Build.0 = Debug|Any CPU
		{E68395F5-874E-4F2F-ABB1-77011C7AB4E2}.Debug|x86.ActiveCfg = Debug|Any CPU
		{E68395F5-874E-4F2F-ABB1-77011C7AB4E2}.Debug|x86.Build.0 = Debug|Any CPU
		{E68395F5-874E-4F2F-ABB1-77011C7AB4E2}.Release|Any CPU.ActiveCfg = Release|Any CPU
		{E68395F5-874E-4F2F-ABB1-77011C7AB4E2}.Release|Any CPU.Build.0 = Release|Any CPU
		{E68395F5-874E-4F2F-ABB1-77011C7AB4E2}.Release|x64.ActiveCfg = Release|Any CPU
		{E68395F5-874E-4F2F-ABB1-77011C7AB4E2}.Release|x64.Build.0 = Release|Any CPU
		{E68395F5-874E-4F2F-ABB1-77011C7AB4E2}.Release|x86.ActiveCfg = Release|Any CPU
		{E68395F5-874E-4F2F-ABB1-77011C7AB4E2}.Release|x86.Build.0 = Release|Any CPU
		{20774A99-A0D6-415B-A7AC-77136CF78846}.Debug|Any CPU.ActiveCfg = Debug|Any CPU
		{20774A99-A0D6-415B-A7AC-77136CF78846}.Debug|Any CPU.Build.0 = Debug|Any CPU
		{20774A99-A0D6-415B-A7AC-77136CF78846}.Debug|x64.ActiveCfg = Debug|Any CPU
		{20774A99-A0D6-415B-A7AC-77136CF78846}.Debug|x64.Build.0 = Debug|Any CPU
		{20774A99-A0D6-415B-A7AC-77136CF78846}.Debug|x86.ActiveCfg = Debug|Any CPU
		{20774A99-A0D6-415B-A7AC-77136CF78846}.Debug|x86.Build.0 = Debug|Any CPU
		{20774A99-A0D6-415B-A7AC-77136CF78846}.Release|Any CPU.ActiveCfg = Release|Any CPU
		{20774A99-A0D6-415B-A7AC-77136CF78846}.Release|Any CPU.Build.0 = Release|Any CPU
		{20774A99-A0D6-415B-A7AC-77136CF78846}.Release|x64.ActiveCfg = Release|Any CPU
		{20774A99-A0D6-415B-A7AC-77136CF78846}.Release|x64.Build.0 = Release|Any CPU
		{20774A99-A0D6-415B-A7AC-77136CF78846}.Release|x86.ActiveCfg = Release|Any CPU
		{20774A99-A0D6-415B-A7AC-77136CF78846}.Release|x86.Build.0 = Release|Any CPU
		{AB7A003B-A0EF-4573-A552-CF50D8C3E86D}.Debug|Any CPU.ActiveCfg = Debug|Any CPU
		{AB7A003B-A0EF-4573-A552-CF50D8C3E86D}.Debug|Any CPU.Build.0 = Debug|Any CPU
		{AB7A003B-A0EF-4573-A552-CF50D8C3E86D}.Debug|x64.ActiveCfg = Debug|Any CPU
		{AB7A003B-A0EF-4573-A552-CF50D8C3E86D}.Debug|x64.Build.0 = Debug|Any CPU
		{AB7A003B-A0EF-4573-A552-CF50D8C3E86D}.Debug|x86.ActiveCfg = Debug|Any CPU
		{AB7A003B-A0EF-4573-A552-CF50D8C3E86D}.Debug|x86.Build.0 = Debug|Any CPU
		{AB7A003B-A0EF-4573-A552-CF50D8C3E86D}.Release|Any CPU.ActiveCfg = Release|Any CPU
		{AB7A003B-A0EF-4573-A552-CF50D8C3E86D}.Release|Any CPU.Build.0 = Release|Any CPU
		{AB7A003B-A0EF-4573-A552-CF50D8C3E86D}.Release|x64.ActiveCfg = Release|Any CPU
		{AB7A003B-A0EF-4573-A552-CF50D8C3E86D}.Release|x64.Build.0 = Release|Any CPU
		{AB7A003B-A0EF-4573-A552-CF50D8C3E86D}.Release|x86.ActiveCfg = Release|Any CPU
		{AB7A003B-A0EF-4573-A552-CF50D8C3E86D}.Release|x86.Build.0 = Release|Any CPU
	EndGlobalSection
	GlobalSection(SolutionProperties) = preSolution
		HideSolutionNode = FALSE
	EndGlobalSection
	GlobalSection(NestedProjects) = preSolution
		{D26174DF-BD42-41CF-A151-8A2C1AB5C308} = {827E0CD3-B72D-47B6-A68D-7590B98EB39B}
		{27AC488F-63D9-4C7D-97A9-57FFEF98B307} = {827E0CD3-B72D-47B6-A68D-7590B98EB39B}
		{C1D25DFE-59AD-41C3-9C15-593EEAD25FE4} = {827E0CD3-B72D-47B6-A68D-7590B98EB39B}
		{6A78B023-0A16-438D-B2E2-DDF095B9E527} = {827E0CD3-B72D-47B6-A68D-7590B98EB39B}
		{542D58A5-7C1D-4E44-A89B-FEC2FC832AEF} = {0AB3BF05-4346-4AA6-1389-037BE0695223}
		{83C46A6D-AF50-4897-BCD9-C53EB7C3BB2E} = {0AB3BF05-4346-4AA6-1389-037BE0695223}
		{CBA0688E-1F81-4197-88E4-F56128E865C7} = {0AB3BF05-4346-4AA6-1389-037BE0695223}
		{E68395F5-874E-4F2F-ABB1-77011C7AB4E2} = {0AB3BF05-4346-4AA6-1389-037BE0695223}
		{20774A99-A0D6-415B-A7AC-77136CF78846} = {0AB3BF05-4346-4AA6-1389-037BE0695223}
		{AB7A003B-A0EF-4573-A552-CF50D8C3E86D} = {0AB3BF05-4346-4AA6-1389-037BE0695223}
	EndGlobalSection
EndGlobal
